// !$*UTF8*$!
{
	archiveVersion = 1;
	classes = {
	};
	objectVersion = 46;
	objects = {

/* Begin PBXBuildFile section */
		59180BFA1F4FC67E001FC129 /* AppDelegate.swift in Sources */ = {isa = PBXBuildFile; fileRef = 59180BF91F4FC67E001FC129 /* AppDelegate.swift */; };
		59180BFC1F4FC67E001FC129 /* ViewController.swift in Sources */ = {isa = PBXBuildFile; fileRef = 59180BFB1F4FC67E001FC129 /* ViewController.swift */; };
		59180BFF1F4FC67E001FC129 /* Main.storyboard in Resources */ = {isa = PBXBuildFile; fileRef = 59180BFD1F4FC67E001FC129 /* Main.storyboard */; };
		59180C011F4FC67E001FC129 /* Assets.xcassets in Resources */ = {isa = PBXBuildFile; fileRef = 59180C001F4FC67E001FC129 /* Assets.xcassets */; };
		59180C041F4FC67E001FC129 /* LaunchScreen.storyboard in Resources */ = {isa = PBXBuildFile; fileRef = 59180C021F4FC67E001FC129 /* LaunchScreen.storyboard */; };
/* End PBXBuildFile section */

/* Begin PBXFileReference section */
		59180BF61F4FC67E001FC129 /* Calculator.app */ = {isa = PBXFileReference; explicitFileType = wrapper.application; includeInIndex = 0; path = Calculator.app; sourceTree = BUILT_PRODUCTS_DIR; };
		59180BF91F4FC67E001FC129 /* AppDelegate.swift */ = {isa = PBXFileReference; lastKnownFileType = sourcecode.swift; path = AppDelegate.swift; sourceTree = "<group>"; };
		59180BFB1F4FC67E001FC129 /* ViewController.swift */ = {isa = PBXFileReference; lastKnownFileType = sourcecode.swift; path = ViewController.swift; sourceTree = "<group>"; };
		59180BFE1F4FC67E001FC129 /* Base */ = {isa = PBXFileReference; lastKnownFileType = file.storyboard; name = Base; path = Base.lproj/Main.storyboard; sourceTree = "<group>"; };
		59180C001F4FC67E001FC129 /* Assets.xcassets */ = {isa = PBXFileReference; lastKnownFileType = folder.assetcatalog; path = Assets.xcassets; sourceTree = "<group>"; };
		59180C031F4FC67E001FC129 /* Base */ = {isa = PBXFileReference; lastKnownFileType = file.storyboard; name = Base; path = Base.lproj/LaunchScreen.storyboard; sourceTree = "<group>"; };
		59180C051F4FC67E001FC129 /* Info.plist */ = {isa = PBXFileReference; lastKnownFileType = text.plist.xml; path = Info.plist; sourceTree = "<group>"; };
/* End PBXFileReference section */

/* Begin PBXFrameworksBuildPhase section */
		59180BF31F4FC67E001FC129 /* Frameworks */ = {
			isa = PBXFrameworksBuildPhase;
			buildActionMask = 2147483647;
			files = (
			);
			runOnlyForDeploymentPostprocessing = 0;
		};
/* End PBXFrameworksBuildPhase section */

/* Begin PBXGroup section */
		59180BED1F4FC67E001FC129 = {
			isa = PBXGroup;
			children = (
				59180BF81F4FC67E001FC129 /* Calculator */,
				59180BF71F4FC67E001FC129 /* Products */,
			);
			sourceTree = "<group>";
		};
		59180BF71F4FC67E001FC129 /* Products */ = {
			isa = PBXGroup;
			children = (
				59180BF61F4FC67E001FC129 /* Calculator.app */,
			);
			name = Products;
			sourceTree = "<group>";
		};
		59180BF81F4FC67E001FC129 /* Calculator */ = {
			isa = PBXGroup;
			children = (
				59180C0C1F4FC69D001FC129 /* ViewControllers */,
				59180C0B1F4FC68A001FC129 /* Resources */,
			);
			path = Calculator;
			sourceTree = "<group>";
		};
		59180C0B1F4FC68A001FC129 /* Resources */ = {
			isa = PBXGroup;
			children = (
				59180BF91F4FC67E001FC129 /* AppDelegate.swift */,
				59180C001F4FC67E001FC129 /* Assets.xcassets */,
				59180C021F4FC67E001FC129 /* LaunchScreen.storyboard */,
				59180C051F4FC67E001FC129 /* Info.plist */,
			);
			name = Resources;
			sourceTree = "<group>";
		};
		59180C0C1F4FC69D001FC129 /* ViewControllers */ = {
			isa = PBXGroup;
			children = (
				59180BFB1F4FC67E001FC129 /* ViewController.swift */,
				59180BFD1F4FC67E001FC129 /* Main.storyboard */,
			);
			name = ViewControllers;
			sourceTree = "<group>";
		};
/* End PBXGroup section */

/* Begin PBXNativeTarget section */
		59180BF51F4FC67E001FC129 /* Calculator */ = {
			isa = PBXNativeTarget;
			buildConfigurationList = 59180C081F4FC67E001FC129 /* Build configuration list for PBXNativeTarget "Calculator" */;
			buildPhases = (
				59180BF21F4FC67E001FC129 /* Sources */,
				59180BF31F4FC67E001FC129 /* Frameworks */,
				59180BF41F4FC67E001FC129 /* Resources */,
			);
			buildRules = (
			);
			dependencies = (
			);
			name = Calculator;
			productName = Calculator;
			productReference = 59180BF61F4FC67E001FC129 /* Calculator.app */;
			productType = "com.apple.product-type.application";
		};
/* End PBXNativeTarget section */

/* Begin PBXProject section */
		59180BEE1F4FC67E001FC129 /* Project object */ = {
			isa = PBXProject;
			attributes = {
				LastSwiftUpdateCheck = 0830;
				LastUpgradeCheck = 0830;
				ORGANIZATIONNAME = JoseMelendez;
				TargetAttributes = {
					59180BF51F4FC67E001FC129 = {
						CreatedOnToolsVersion = 8.3.3;
						DevelopmentTeam = GL34LYNV2E;
						ProvisioningStyle = Automatic;
					};
				};
			};
			buildConfigurationList = 59180BF11F4FC67E001FC129 /* Build configuration list for PBXProject "Calculator" */;
			compatibilityVersion = "Xcode 3.2";
			developmentRegion = English;
			hasScannedForEncodings = 0;
			knownRegions = (
				en,
				Base,
			);
			mainGroup = 59180BED1F4FC67E001FC129;
			productRefGroup = 59180BF71F4FC67E001FC129 /* Products */;
			projectDirPath = "";
			projectRoot = "";
			targets = (
				59180BF51F4FC67E001FC129 /* Calculator */,
			);
		};
/* End PBXProject section */

/* Begin PBXResourcesBuildPhase section */
		59180BF41F4FC67E001FC129 /* Resources */ = {
			isa = PBXResourcesBuildPhase;
			buildActionMask = 2147483647;
			files = (
				59180C041F4FC67E001FC129 /* LaunchScreen.storyboard in Resources */,
				59180C011F4FC67E001FC129 /* Assets.xcassets in Resources */,
				59180BFF1F4FC67E001FC129 /* Main.storyboard in Resources */,
			);
			runOnlyForDeploymentPostprocessing = 0;
		};
/* End PBXResourcesBuildPhase section */

/* Begin PBXSourcesBuildPhase section */
		59180BF21F4FC67E001FC129 /* Sources */ = {
			isa = PBXSourcesBuildPhase;
			buildActionMask = 2147483647;
			files = (
				59180BFC1F4FC67E001FC129 /* ViewController.swift in Sources */,
				59180BFA1F4FC67E001FC129 /* AppDelegate.swift in Sources */,
			);
			runOnlyForDeploymentPostprocessing = 0;
		};
/* End PBXSourcesBuildPhase section */

/* Begin PBXVariantGroup section */
		59180BFD1F4FC67E001FC129 /* Main.storyboard */ = {
			isa = PBXVariantGroup;
			children = (
				59180BFE1F4FC67E001FC129 /* Base */,
			);
			name = Main.storyboard;
			sourceTree = "<group>";
		};
		59180C021F4FC67E001FC129 /* LaunchScreen.storyboard */ = {
			isa = PBXVariantGroup;
			children = (
				59180C031F4FC67E001FC129 /* Base */,
			);
			name = LaunchScreen.storyboard;
			sourceTree = "<group>";
		};
/* End PBXVariantGroup section */

/* Begin XCBuildConfiguration section */
		59180C061F4FC67E001FC129 /* Debug */ = {
			isa = XCBuildConfiguration;
			buildSettings = {
				ALWAYS_SEARCH_USER_PATHS = NO;
				CLANG_ANALYZER_NONNULL = YES;
				CLANG_ANALYZER_NUMBER_OBJECT_CONVERSION = YES_AGGRESSIVE;
				CLANG_CXX_LANGUAGE_STANDARD = "gnu++0x";
				CLANG_CXX_LIBRARY = "libc++";
				CLANG_ENABLE_MODULES = YES;
				CLANG_ENABLE_OBJC_ARC = YES;
				CLANG_WARN_BOOL_CONVERSION = YES;
				CLANG_WARN_CONSTANT_CONVERSION = YES;
				CLANG_WARN_DIRECT_OBJC_ISA_USAGE = YES_ERROR;
				CLANG_WARN_DOCUMENTATION_COMMENTS = YES;
				CLANG_WARN_EMPTY_BODY = YES;
				CLANG_WARN_ENUM_CONVERSION = YES;
				CLANG_WARN_INFINITE_RECURSION = YES;
				CLANG_WARN_INT_CONVERSION = YES;
				CLANG_WARN_OBJC_ROOT_CLASS = YES_ERROR;
				CLANG_WARN_SUSPICIOUS_MOVE = YES;
				CLANG_WARN_UNREACHABLE_CODE = YES;
				CLANG_WARN__DUPLICATE_METHOD_MATCH = YES;
				"CODE_SIGN_IDENTITY[sdk=iphoneos*]" = "iPhone Developer";
				COPY_PHASE_STRIP = NO;
				DEBUG_INFORMATION_FORMAT = dwarf;
				ENABLE_STRICT_OBJC_MSGSEND = YES;
				ENABLE_TESTABILITY = YES;
				GCC_C_LANGUAGE_STANDARD = gnu99;
				GCC_DYNAMIC_NO_PIC = NO;
				GCC_NO_COMMON_BLOCKS = YES;
				GCC_OPTIMIZATION_LEVEL = 0;
				GCC_PREPROCESSOR_DEFINITIONS = (
					"DEBUG=1",
					"$(inherited)",
				);
				GCC_WARN_64_TO_32_BIT_CONVERSION = YES;
				GCC_WARN_ABOUT_RETURN_TYPE = YES_ERROR;
				GCC_WARN_UNDECLARED_SELECTOR = YES;
				GCC_WARN_UNINITIALIZED_AUTOS = YES_AGGRESSIVE;
				GCC_WARN_UNUSED_FUNCTION = YES;
				GCC_WARN_UNUSED_VARIABLE = YES;
				IPHONEOS_DEPLOYMENT_TARGET = 10.3;
				MTL_ENABLE_DEBUG_INFO = YES;
				ONLY_ACTIVE_ARCH = YES;
				SDKROOT = iphoneos;
				SWIFT_ACTIVE_COMPILATION_CONDITIONS = DEBUG;
				SWIFT_OPTIMIZATION_LEVEL = "-Onone";
			};
			name = Debug;
		};
		59180C071F4FC67E001FC129 /* Release */ = {
			isa = XCBuildConfiguration;
			buildSettings = {
				ALWAYS_SEARCH_USER_PATHS = NO;
				CLANG_ANALYZER_NONNULL = YES;
				CLANG_ANALYZER_NUMBER_OBJECT_CONVERSION = YES_AGGRESSIVE;
				CLANG_CXX_LANGUAGE_STANDARD = "gnu++0x";
				CLANG_CXX_LIBRARY = "libc++";
				CLANG_ENABLE_MODULES = YES;
				CLANG_ENABLE_OBJC_ARC = YES;
				CLANG_WARN_BOOL_CONVERSION = YES;
				CLANG_WARN_CONSTANT_CONVERSION = YES;
				CLANG_WARN_DIRECT_OBJC_ISA_USAGE = YES_ERROR;
				CLANG_WARN_DOCUMENTATION_COMMENTS = YES;
				CLANG_WARN_EMPTY_BODY = YES;
				CLANG_WARN_ENUM_CONVERSION = YES;
				CLANG_WARN_INFINITE_RECURSION = YES;
				CLANG_WARN_INT_CONVERSION = YES;
				CLANG_WARN_OBJC_ROOT_CLASS = YES_ERROR;
				CLANG_WARN_SUSPICIOUS_MOVE = YES;
				CLANG_WARN_UNREACHABLE_CODE = YES;
				CLANG_WARN__DUPLICATE_METHOD_MATCH = YES;
				"CODE_SIGN_IDENTITY[sdk=iphoneos*]" = "iPhone Developer";
				COPY_PHASE_STRIP = NO;
				DEBUG_INFORMATION_FORMAT = "dwarf-with-dsym";
				ENABLE_NS_ASSERTIONS = NO;
				ENABLE_STRICT_OBJC_MSGSEND = YES;
				GCC_C_LANGUAGE_STANDARD = gnu99;
				GCC_NO_COMMON_BLOCKS = YES;
				GCC_WARN_64_TO_32_BIT_CONVERSION = YES;
				GCC_WARN_ABOUT_RETURN_TYPE = YES_ERROR;
				GCC_WARN_UNDECLARED_SELECTOR = YES;
				GCC_WARN_UNINITIALIZED_AUTOS = YES_AGGRESSIVE;
				GCC_WARN_UNUSED_FUNCTION = YES;
				GCC_WARN_UNUSED_VARIABLE = YES;
				IPHONEOS_DEPLOYMENT_TARGET = 10.3;
				MTL_ENABLE_DEBUG_INFO = NO;
				SDKROOT = iphoneos;
				SWIFT_OPTIMIZATION_LEVEL = "-Owholemodule";
				VALIDATE_PRODUCT = YES;
			};
			name = Release;
		};
		59180C091F4FC67E001FC129 /* Debug */ = {
			isa = XCBuildConfiguration;
			buildSettings = {
				ASSETCATALOG_COMPILER_APPICON_NAME = AppIcon;
				DEVELOPMENT_TEAM = GL34LYNV2E;
				INFOPLIST_FILE = Calculator/Info.plist;
				LD_RUNPATH_SEARCH_PATHS = "$(inherited) @executable_path/Frameworks";
				PRODUCT_BUNDLE_IDENTIFIER = com.JoseMelendez.Calculator;
				PRODUCT_NAME = "$(TARGET_NAME)";
				SWIFT_VERSION = 3.0;
			};
			name = Debug;
		};
		59180C0A1F4FC67E001FC129 /* Release */ = {
			isa = XCBuildConfiguration;
			buildSettings = {
				ASSETCATALOG_COMPILER_APPICON_NAME = AppIcon;
				DEVELOPMENT_TEAM = GL34LYNV2E;
				INFOPLIST_FILE = Calculator/Info.plist;
				LD_RUNPATH_SEARCH_PATHS = "$(inherited) @executable_path/Frameworks";
				PRODUCT_BUNDLE_IDENTIFIER = com.JoseMelendez.Calculator;
				PRODUCT_NAME = "$(TARGET_NAME)";
				SWIFT_VERSION = 3.0;
			};
			name = Release;
		};
/* End XCBuildConfiguration section */

/* Begin XCConfigurationList section */
		59180BF11F4FC67E001FC129 /* Build configuration list for PBXProject "Calculator" */ = {
			isa = XCConfigurationList;
			buildConfigurations = (
				59180C061F4FC67E001FC129 /* Debug */,
				59180C071F4FC67E001FC129 /* Release */,
			);
			defaultConfigurationIsVisible = 0;
			defaultConfigurationName = Release;
		};
		59180C081F4FC67E001FC129 /* Build configuration list for PBXNativeTarget "Calculator" */ = {
			isa = XCConfigurationList;
			buildConfigurations = (
				59180C091F4FC67E001FC129 /* Debug */,
				59180C0A1F4FC67E001FC129 /* Release */,
			);
			defaultConfigurationIsVisible = 0;
		};
/* End XCConfigurationList section */
	};
	rootObject = 59180BEE1F4FC67E001FC129 /* Project object */;
}
